
Microsoft Visual Studio Solution File, Format Version 12.00
# Visual Studio Version 17
VisualStudioVersion = 17.10.34928.147
MinimumVisualStudioVersion = 10.0.40219.1
Project("{9A19103F-16F7-4668-BE54-9A1E7A4F7556}") = "Pandora Behaviour Engine", "Pandora Behaviour Engine\Pandora Behaviour Engine.csproj", "{0D039B40-03CC-407E-A92B-5DBBDA5CCCEF}"
EndProject
Project("{9A19103F-16F7-4668-BE54-9A1E7A4F7556}") = "XML Cake", "XML.Cake.NET\XML Cake\XML Cake.csproj", "{BB763D92-7672-4056-888C-39367D01304C}"
EndProject
Project("{9A19103F-16F7-4668-BE54-9A1E7A4F7556}") = "Pandora Example Plugin", "Pandora Example Plugin\Pandora Example Plugin.csproj", "{18C77AB0-4DA4-4A1E-85EA-EC7A57629D3F}"
EndProject
Project("{FAE04EC0-301F-11D3-BF4B-00C04F79EFBC}") = "Pandora API", "Pandora API\Pandora API\Pandora API.csproj", "{784BBC12-A70F-46B2-A4B2-61C4D138609F}"
EndProject
Project("{FAE04EC0-301F-11D3-BF4B-00C04F79EFBC}") = "HKX2E", "Pandora API\HKX2-Enhanced-Library\HKX2\HKX2E.csproj", "{45A2B5D5-F692-4C70-886A-1C3DA21A61F9}"
EndProject
Global
	GlobalSection(SolutionConfigurationPlatforms) = preSolution
		Debug|Any CPU = Debug|Any CPU
		Release|Any CPU = Release|Any CPU
	EndGlobalSection
	GlobalSection(ProjectConfigurationPlatforms) = postSolution
		{0D039B40-03CC-407E-A92B-5DBBDA5CCCEF}.Debug|Any CPU.ActiveCfg = Debug|Any CPU
		{0D039B40-03CC-407E-A92B-5DBBDA5CCCEF}.Debug|Any CPU.Build.0 = Debug|Any CPU
		{0D039B40-03CC-407E-A92B-5DBBDA5CCCEF}.Release|Any CPU.ActiveCfg = Release|Any CPU
		{0D039B40-03CC-407E-A92B-5DBBDA5CCCEF}.Release|Any CPU.Build.0 = Release|Any CPU
		{BB763D92-7672-4056-888C-39367D01304C}.Debug|Any CPU.ActiveCfg = Debug|Any CPU
		{BB763D92-7672-4056-888C-39367D01304C}.Debug|Any CPU.Build.0 = Debug|Any CPU
		{BB763D92-7672-4056-888C-39367D01304C}.Release|Any CPU.ActiveCfg = Release|Any CPU
		{BB763D92-7672-4056-888C-39367D01304C}.Release|Any CPU.Build.0 = Release|Any CPU
		{18C77AB0-4DA4-4A1E-85EA-EC7A57629D3F}.Debug|Any CPU.ActiveCfg = Debug|Any CPU
		{18C77AB0-4DA4-4A1E-85EA-EC7A57629D3F}.Debug|Any CPU.Build.0 = Debug|Any CPU
		{18C77AB0-4DA4-4A1E-85EA-EC7A57629D3F}.Release|Any CPU.ActiveCfg = Release|Any CPU
		{18C77AB0-4DA4-4A1E-85EA-EC7A57629D3F}.Release|Any CPU.Build.0 = Release|Any CPU
		{784BBC12-A70F-46B2-A4B2-61C4D138609F}.Debug|Any CPU.ActiveCfg = Debug|Any CPU
		{784BBC12-A70F-46B2-A4B2-61C4D138609F}.Debug|Any CPU.Build.0 = Debug|Any CPU
		{784BBC12-A70F-46B2-A4B2-61C4D138609F}.Release|Any CPU.ActiveCfg = Release|Any CPU
		{784BBC12-A70F-46B2-A4B2-61C4D138609F}.Release|Any CPU.Build.0 = Release|Any CPU
		{45A2B5D5-F692-4C70-886A-1C3DA21A61F9}.Debug|Any CPU.ActiveCfg = Debug|Any CPU
		{45A2B5D5-F692-4C70-886A-1C3DA21A61F9}.Debug|Any CPU.Build.0 = Debug|Any CPU
		{45A2B5D5-F692-4C70-886A-1C3DA21A61F9}.Release|Any CPU.ActiveCfg = Release|Any CPU
		{45A2B5D5-F692-4C70-886A-1C3DA21A61F9}.Release|Any CPU.Build.0 = Release|Any CPU
	EndGlobalSection
	GlobalSection(SolutionProperties) = preSolution
		HideSolutionNode = FALSE
	EndGlobalSection
	GlobalSection(ExtensibilityGlobals) = postSolution
		SolutionGuid = {95F31839-E212-4936-B64C-BE82496C2B8D}
	EndGlobalSection
EndGlobal
