
Microsoft Visual Studio Solution File, Format Version 12.00
# Visual Studio Version 17
VisualStudioVersion = 17.10.34928.147
MinimumVisualStudioVersion = 10.0.40219.1
Project("{9A19103F-16F7-4668-BE54-9A1E7A4F7556}") = "Pandora Behaviour Engine", "Pandora Behaviour Engine\Pandora Behaviour Engine.csproj", "{0D039B40-03CC-407E-A92B-5DBBDA5CCCEF}"
EndProject
Project("{9A19103F-16F7-4668-BE54-9A1E7A4F7556}") = "HKX2E", "HKX2-Enhanced-Library\HKX2\HKX2E.csproj", "{1EC9A720-1814-43E0-9CFF-5A2EDEE7B51A}"
EndProject
Project("{9A19103F-16F7-4668-BE54-9A1E7A4F7556}") = "XML Cake", "XML.Cake.NET\XML Cake\XML Cake.csproj", "{BB763D92-7672-4056-888C-39367D01304C}"
EndProject
Global
	GlobalSection(SolutionConfigurationPlatforms) = preSolution
		Debug|Any CPU = Debug|Any CPU
		Release|Any CPU = Release|Any CPU
	EndGlobalSection
	GlobalSection(ProjectConfigurationPlatforms) = postSolution
		{0D039B40-03CC-407E-A92B-5DBBDA5CCCEF}.Debug|Any CPU.ActiveCfg = Debug|Any CPU
		{0D039B40-03CC-407E-A92B-5DBBDA5CCCEF}.Debug|Any CPU.Build.0 = Debug|Any CPU
		{0D039B40-03CC-407E-A92B-5DBBDA5CCCEF}.Release|Any CPU.ActiveCfg = Release|Any CPU
		{0D039B40-03CC-407E-A92B-5DBBDA5CCCEF}.Release|Any CPU.Build.0 = Release|Any CPU
		{1EC9A720-1814-43E0-9CFF-5A2EDEE7B51A}.Debug|Any CPU.ActiveCfg = Debug|Any CPU
		{1EC9A720-1814-43E0-9CFF-5A2EDEE7B51A}.Debug|Any CPU.Build.0 = Debug|Any CPU
		{1EC9A720-1814-43E0-9CFF-5A2EDEE7B51A}.Release|Any CPU.ActiveCfg = Release|Any CPU
		{1EC9A720-1814-43E0-9CFF-5A2EDEE7B51A}.Release|Any CPU.Build.0 = Release|Any CPU
		{BB763D92-7672-4056-888C-39367D01304C}.Debug|Any CPU.ActiveCfg = Debug|Any CPU
		{BB763D92-7672-4056-888C-39367D01304C}.Debug|Any CPU.Build.0 = Debug|Any CPU
		{BB763D92-7672-4056-888C-39367D01304C}.Release|Any CPU.ActiveCfg = Release|Any CPU
		{BB763D92-7672-4056-888C-39367D01304C}.Release|Any CPU.Build.0 = Release|Any CPU
	EndGlobalSection
	GlobalSection(SolutionProperties) = preSolution
		HideSolutionNode = FALSE
	EndGlobalSection
	GlobalSection(ExtensibilityGlobals) = postSolution
		SolutionGuid = {95F31839-E212-4936-B64C-BE82496C2B8D}
	EndGlobalSection
EndGlobal
