<Solution>
  <Project Path="Pandora API/HKX2-Enhanced-Library/HKX2/HKX2E.csproj" />
  <Project Path="Pandora API/Pandora API/Pandora API.csproj" />
  <Project Path="Pandora API/XML.Cake.NET/XML Cake/XML Cake.csproj" />
  <Project Path="Pandora Behaviour Engine/Pandora Behaviour Engine.csproj" />
  <Project Path="Pandora Example Plugin/Pandora Example Plugin.csproj" />
  <Project Path="Pandora Installer/Pandora Installer.csproj" />
  <Project Path="Pandora Tests/Pandora Tests.csproj" />
</Solution>
