
Microsoft Visual Studio Solution File, Format Version 12.00
# Visual Studio Version 17
VisualStudioVersion = 17.4.33403.182
MinimumVisualStudioVersion = 10.0.40219.1
Project("{9A19103F-16F7-4668-BE54-9A1E7A4F7556}") = "PandoraPlus", "PandoraPlus\PandoraPlus.csproj", "{8B277576-40C3-40A0-B11D-4E1D292DB9BB}"
EndProject
Global
	GlobalSection(SolutionConfigurationPlatforms) = preSolution
		Debug(No Logging)|Any CPU = Debug(No Logging)|Any CPU
		Debug|Any CPU = Debug|Any CPU
		Release|Any CPU = Release|Any CPU
	EndGlobalSection
	GlobalSection(ProjectConfigurationPlatforms) = postSolution
		{8B277576-40C3-40A0-B11D-4E1D292DB9BB}.Debug(No Logging)|Any CPU.ActiveCfg = Debug(No Logging)|Any CPU
		{8B277576-40C3-40A0-B11D-4E1D292DB9BB}.Debug(No Logging)|Any CPU.Build.0 = Debug(No Logging)|Any CPU
		{8B277576-40C3-40A0-B11D-4E1D292DB9BB}.Debug|Any CPU.ActiveCfg = Debug|Any CPU
		{8B277576-40C3-40A0-B11D-4E1D292DB9BB}.Debug|Any CPU.Build.0 = Debug|Any CPU
		{8B277576-40C3-40A0-B11D-4E1D292DB9BB}.Release|Any CPU.ActiveCfg = Release|Any CPU
		{8B277576-40C3-40A0-B11D-4E1D292DB9BB}.Release|Any CPU.Build.0 = Release|Any CPU
	EndGlobalSection
	GlobalSection(SolutionProperties) = preSolution
		HideSolutionNode = FALSE
	EndGlobalSection
	GlobalSection(ExtensibilityGlobals) = postSolution
		SolutionGuid = {58D189F7-34CF-40C5-A3DE-7770B16FB177}
	EndGlobalSection
EndGlobal
