
Microsoft Visual Studio Solution File, Format Version 12.00
# Visual Studio Version 17
VisualStudioVersion = 17.4.33403.182
MinimumVisualStudioVersion = 10.0.40219.1
Project("{9A19103F-16F7-4668-BE54-9A1E7A4F7556}") = "PandoraPlus", "PandoraPlus\PandoraPlus.csproj", "{8B277576-40C3-40A0-B11D-4E1D292DB9BB}"
EndProject
Project("{9A19103F-16F7-4668-BE54-9A1E7A4F7556}") = "XML Cake", ".\third_party\XML-Cake\XML Cake\XML Cake.csproj", "{DFC99CC4-74E4-42E7-A0A0-0EB8D72F831C}"
EndProject
Project("{9A19103F-16F7-4668-BE54-9A1E7A4F7556}") = "HKX2", ".\third_party\HKX2-Library\HKX2 WPF\HKX2.csproj", "{3D299268-B085-4E63-B8C9-27858B451751}"
EndProject
Global
	GlobalSection(SolutionConfigurationPlatforms) = preSolution
		Debug|Any CPU = Debug|Any CPU
		DebugRelease|Any CPU = DebugRelease|Any CPU
		Release|Any CPU = Release|Any CPU
	EndGlobalSection
	GlobalSection(ProjectConfigurationPlatforms) = postSolution
		{8B277576-40C3-40A0-B11D-4E1D292DB9BB}.Debug|Any CPU.ActiveCfg = Debug|Any CPU
		{8B277576-40C3-40A0-B11D-4E1D292DB9BB}.Debug|Any CPU.Build.0 = Debug|Any CPU
		{8B277576-40C3-40A0-B11D-4E1D292DB9BB}.DebugRelease|Any CPU.ActiveCfg = Debug(No Logging)|Any CPU
		{8B277576-40C3-40A0-B11D-4E1D292DB9BB}.DebugRelease|Any CPU.Build.0 = Debug(No Logging)|Any CPU
		{8B277576-40C3-40A0-B11D-4E1D292DB9BB}.Release|Any CPU.ActiveCfg = Release|Any CPU
		{8B277576-40C3-40A0-B11D-4E1D292DB9BB}.Release|Any CPU.Build.0 = Release|Any CPU
		{DFC99CC4-74E4-42E7-A0A0-0EB8D72F831C}.Debug|Any CPU.ActiveCfg = Debug|Any CPU
		{DFC99CC4-74E4-42E7-A0A0-0EB8D72F831C}.Debug|Any CPU.Build.0 = Debug|Any CPU
		{DFC99CC4-74E4-42E7-A0A0-0EB8D72F831C}.DebugRelease|Any CPU.ActiveCfg = Debug|Any CPU
		{DFC99CC4-74E4-42E7-A0A0-0EB8D72F831C}.DebugRelease|Any CPU.Build.0 = Debug|Any CPU
		{DFC99CC4-74E4-42E7-A0A0-0EB8D72F831C}.Release|Any CPU.ActiveCfg = Release|Any CPU
		{DFC99CC4-74E4-42E7-A0A0-0EB8D72F831C}.Release|Any CPU.Build.0 = Release|Any CPU
		{3D299268-B085-4E63-B8C9-27858B451751}.Debug|Any CPU.ActiveCfg = Debug|Any CPU
		{3D299268-B085-4E63-B8C9-27858B451751}.Debug|Any CPU.Build.0 = Debug|Any CPU
		{3D299268-B085-4E63-B8C9-27858B451751}.DebugRelease|Any CPU.ActiveCfg = Debug|Any CPU
		{3D299268-B085-4E63-B8C9-27858B451751}.DebugRelease|Any CPU.Build.0 = Debug|Any CPU
		{3D299268-B085-4E63-B8C9-27858B451751}.Release|Any CPU.ActiveCfg = Release|Any CPU
		{3D299268-B085-4E63-B8C9-27858B451751}.Release|Any CPU.Build.0 = Release|Any CPU
	EndGlobalSection
	GlobalSection(SolutionProperties) = preSolution
		HideSolutionNode = FALSE
	EndGlobalSection
	GlobalSection(ExtensibilityGlobals) = postSolution
		SolutionGuid = {58D189F7-34CF-40C5-A3DE-7770B16FB177}
	EndGlobalSection
EndGlobal
