
Microsoft Visual Studio Solution File, Format Version 12.00
# Visual Studio Version 17
VisualStudioVersion = 17.10.34928.147
MinimumVisualStudioVersion = 10.0.40219.1
Project("{9A19103F-16F7-4668-BE54-9A1E7A4F7556}") = "HKX2E", "HKX2\HKX2E.csproj", "{2A7AB7E3-73AD-4C68-973B-9CD646D070E4}"
EndProject
Project("{9A19103F-16F7-4668-BE54-9A1E7A4F7556}") = "HKX2ETests", "HKX2Tests\HKX2ETests.csproj", "{2EAE4BB3-F9E9-4A2B-9F27-C21C42103B9B}"
EndProject
Global
	GlobalSection(SolutionConfigurationPlatforms) = preSolution
		Debug|Any CPU = Debug|Any CPU
		Release|Any CPU = Release|Any CPU
	EndGlobalSection
	GlobalSection(ProjectConfigurationPlatforms) = postSolution
		{2A7AB7E3-73AD-4C68-973B-9CD646D070E4}.Debug|Any CPU.ActiveCfg = Debug|Any CPU
		{2A7AB7E3-73AD-4C68-973B-9CD646D070E4}.Debug|Any CPU.Build.0 = Debug|Any CPU
		{2A7AB7E3-73AD-4C68-973B-9CD646D070E4}.Release|Any CPU.ActiveCfg = Release|Any CPU
		{2A7AB7E3-73AD-4C68-973B-9CD646D070E4}.Release|Any CPU.Build.0 = Release|Any CPU
		{2EAE4BB3-F9E9-4A2B-9F27-C21C42103B9B}.Debug|Any CPU.ActiveCfg = Debug|Any CPU
		{2EAE4BB3-F9E9-4A2B-9F27-C21C42103B9B}.Debug|Any CPU.Build.0 = Debug|Any CPU
		{2EAE4BB3-F9E9-4A2B-9F27-C21C42103B9B}.Release|Any CPU.ActiveCfg = Release|Any CPU
		{2EAE4BB3-F9E9-4A2B-9F27-C21C42103B9B}.Release|Any CPU.Build.0 = Release|Any CPU
	EndGlobalSection
	GlobalSection(SolutionProperties) = preSolution
		HideSolutionNode = FALSE
	EndGlobalSection
	GlobalSection(ExtensibilityGlobals) = postSolution
		SolutionGuid = {2BAD835E-1CE7-4C04-81FF-73E8D041F158}
	EndGlobalSection
EndGlobal
