
Microsoft Visual Studio Solution File, Format Version 12.00
# Visual Studio Version 17
VisualStudioVersion = 17.10.34928.147
MinimumVisualStudioVersion = 10.0.40219.1
Project("{FAE04EC0-301F-11D3-BF4B-00C04F79EFBC}") = "XML Cake", "XML Cake\XML Cake.csproj", "{589AB59A-F9C1-43EE-A106-4D7C11B9054F}"
EndProject
Global
	GlobalSection(SolutionConfigurationPlatforms) = preSolution
		Debug|Any CPU = Debug|Any CPU
		Release|Any CPU = Release|Any CPU
	EndGlobalSection
	GlobalSection(ProjectConfigurationPlatforms) = postSolution
		{589AB59A-F9C1-43EE-A106-4D7C11B9054F}.Debug|Any CPU.ActiveCfg = Debug|Any CPU
		{589AB59A-F9C1-43EE-A106-4D7C11B9054F}.Debug|Any CPU.Build.0 = Debug|Any CPU
		{589AB59A-F9C1-43EE-A106-4D7C11B9054F}.Release|Any CPU.ActiveCfg = Release|Any CPU
		{589AB59A-F9C1-43EE-A106-4D7C11B9054F}.Release|Any CPU.Build.0 = Release|Any CPU
	EndGlobalSection
	GlobalSection(SolutionProperties) = preSolution
		HideSolutionNode = FALSE
	EndGlobalSection
	GlobalSection(ExtensibilityGlobals) = postSolution
		SolutionGuid = {6F214263-79BB-40CA-8E29-78924531697E}
	EndGlobalSection
EndGlobal
